<?xml version="1.0" encoding="utf-8"?>
<Project ToolsVersion="4.0" xmlns="http://schemas.microsoft.com/developer/msbuild/2003">
  <ItemGroup>
    <Filter Include="Source Files">
      <UniqueIdentifier>{4FC737F1-C7A5-4376-A066-2A32D752A2FF}</UniqueIdentifier>
      <Extensions>cpp;c;cc;cxx;c++;cppm;ixx;def;odl;idl;hpj;bat;asm;asmx</Extensions>
    </Filter>
    <Filter Include="Header Files">
      <UniqueIdentifier>{93995380-89BD-4b04-88EB-625FBE52EBFB}</UniqueIdentifier>
      <Extensions>h;hh;hpp;hxx;h++;hm;inl;inc;ipp;xsd</Extensions>
    </Filter>
    <Filter Include="Resource Files">
      <UniqueIdentifier>{67DA6AB6-F800-4c08-8B7A-83BB121AAD01}</UniqueIdentifier>
      <Extensions>rc;ico;cur;bmp;dlg;rc2;rct;bin;rgs;gif;jpg;jpeg;jpe;resx;tiff;tif;png;wav;mfcribbon-ms</Extensions>
    </Filter>
  </ItemGroup>
  <ItemGroup>
    <ClCompile Include="AV_PAIR.cpp">
      <Filter>Source Files</Filter>
    </ClCompile>
    <ClCompile Include="BcryptAES.cpp">
      <Filter>Source Files</Filter>
    </ClCompile>
    <ClCompile Include="BcryptHmac.cpp">
      <Filter>Source Files</Filter>
    </ClCompile>
    <ClCompile Include="BcryptSHA512.cpp">
      <Filter>Source Files</Filter>
    </ClCompile>
    <ClCompile Include="DirectTCPTransportHeader.cpp">
      <Filter>Source Files</Filter>
    </ClCompile>
    <ClCompile Include="lspipe.cpp">
      <Filter>Source Files</Filter>
    </ClCompile>
    <ClCompile Include="main.cpp">
      <Filter>Source Files</Filter>
    </ClCompile>
    <ClCompile Include="ntlm.cpp">
      <Filter>Source Files</Filter>
    </ClCompile>
    <ClCompile Include="NtlmCalcCrypto.cpp">
      <Filter>Source Files</Filter>
    </ClCompile>
    <ClCompile Include="SMB2BasePacket.cpp">
      <Filter>Source Files</Filter>
    </ClCompile>
    <ClCompile Include="SMB2CloseRequest.cpp">
      <Filter>Source Files</Filter>
    </ClCompile>
    <ClCompile Include="SMB2CreateRequest.cpp">
      <Filter>Source Files</Filter>
    </ClCompile>
    <ClCompile Include="SMB2Header.cpp">
      <Filter>Source Files</Filter>
    </ClCompile>
    <ClCompile Include="SMB2ListTree.cpp">
      <Filter>Source Files</Filter>
    </ClCompile>
    <ClCompile Include="SMB2Login.cpp">
      <Filter>Source Files</Filter>
    </ClCompile>
    <ClCompile Include="SMB2Logoff.cpp">
      <Filter>Source Files</Filter>
    </ClCompile>
    <ClCompile Include="SMB2Negotiate.cpp">
      <Filter>Source Files</Filter>
    </ClCompile>
    <ClCompile Include="SMB2QueryDirectory.cpp">
      <Filter>Source Files</Filter>
    </ClCompile>
    <ClCompile Include="SMB2QueryDirectoryResponse.cpp">
      <Filter>Source Files</Filter>
    </ClCompile>
    <ClCompile Include="SMB2SessionSetup.cpp">
      <Filter>Source Files</Filter>
    </ClCompile>
    <ClCompile Include="SMB2TranformPacket.cpp">
      <Filter>Source Files</Filter>
    </ClCompile>
    <ClCompile Include="SMB2TreeConnect.cpp">
      <Filter>Source Files</Filter>
    </ClCompile>
    <ClCompile Include="SMB3.cpp">
      <Filter>Source Files</Filter>
    </ClCompile>
    <ClCompile Include="SMB3Negotiate.cpp">
      <Filter>Source Files</Filter>
    </ClCompile>
    <ClCompile Include="SmbClient.cpp">
      <Filter>Source Files</Filter>
    </ClCompile>
    <ClCompile Include="SMBConnectionTable.cpp">
      <Filter>Source Files</Filter>
    </ClCompile>
    <ClCompile Include="spnego.cpp">
      <Filter>Source Files</Filter>
    </ClCompile>
    <ClCompile Include="utils.cpp">
      <Filter>Source Files</Filter>
    </ClCompile>
    <ClCompile Include="windows_socket.cpp">
      <Filter>Source Files</Filter>
    </ClCompile>
  </ItemGroup>
  <ItemGroup>
    <ClInclude Include="AV_PAIR.h">
      <Filter>Header Files</Filter>
    </ClInclude>
    <ClInclude Include="BcryptAES.h">
      <Filter>Header Files</Filter>
    </ClInclude>
    <ClInclude Include="BcryptHmac.h">
      <Filter>Header Files</Filter>
    </ClInclude>
    <ClInclude Include="BcryptSHA512.h">
      <Filter>Header Files</Filter>
    </ClInclude>
    <ClInclude Include="DirectTCPTransportHeader.h">
      <Filter>Header Files</Filter>
    </ClInclude>
    <ClInclude Include="IMessageHandler.h">
      <Filter>Header Files</Filter>
    </ClInclude>
    <ClInclude Include="ISerializable.h">
      <Filter>Header Files</Filter>
    </ClInclude>
    <ClInclude Include="lspipe.h">
      <Filter>Header Files</Filter>
    </ClInclude>
    <ClInclude Include="ntlm.h">
      <Filter>Header Files</Filter>
    </ClInclude>
    <ClInclude Include="NtlmCalcCrypto.h">
      <Filter>Header Files</Filter>
    </ClInclude>
    <ClInclude Include="SMB2BasePacket.h">
      <Filter>Header Files</Filter>
    </ClInclude>
    <ClInclude Include="SMB2CloseRequest.h">
      <Filter>Header Files</Filter>
    </ClInclude>
    <ClInclude Include="SMB2CreateRequest.h">
      <Filter>Header Files</Filter>
    </ClInclude>
    <ClInclude Include="SMB2Header.h">
      <Filter>Header Files</Filter>
    </ClInclude>
    <ClInclude Include="SMB2ListTree.h">
      <Filter>Header Files</Filter>
    </ClInclude>
    <ClInclude Include="SMB2Login.h">
      <Filter>Header Files</Filter>
    </ClInclude>
    <ClInclude Include="SMB2Logoff.h">
      <Filter>Header Files</Filter>
    </ClInclude>
    <ClInclude Include="SMB2Negotiate.h">
      <Filter>Header Files</Filter>
    </ClInclude>
    <ClInclude Include="SMB2QueryDirectory.h">
      <Filter>Header Files</Filter>
    </ClInclude>
    <ClInclude Include="SMB2QueryDirectoryResponse.h">
      <Filter>Header Files</Filter>
    </ClInclude>
    <ClInclude Include="SMB2SessionSetup.h">
      <Filter>Header Files</Filter>
    </ClInclude>
    <ClInclude Include="SMB2TreeConnect.h">
      <Filter>Header Files</Filter>
    </ClInclude>
    <ClInclude Include="SMB3.h">
      <Filter>Header Files</Filter>
    </ClInclude>
    <ClInclude Include="SMB3Negotiate.h">
      <Filter>Header Files</Filter>
    </ClInclude>
    <ClInclude Include="SMB3TranformPacket.h">
      <Filter>Header Files</Filter>
    </ClInclude>
    <ClInclude Include="SmbClient.h">
      <Filter>Header Files</Filter>
    </ClInclude>
    <ClInclude Include="SMBConnectionTable.h">
      <Filter>Header Files</Filter>
    </ClInclude>
    <ClInclude Include="spnego.h">
      <Filter>Header Files</Filter>
    </ClInclude>
    <ClInclude Include="utils.h">
      <Filter>Header Files</Filter>
    </ClInclude>
    <ClInclude Include="windows_socket.h">
      <Filter>Header Files</Filter>
    </ClInclude>
  </ItemGroup>
  <ItemGroup>
    <None Include="README.md" />
  </ItemGroup>
</Project>